
Microsoft Visual Studio Solution File, Format Version 12.00
# Visual Studio 15
VisualStudioVersion = 15.0.27004.2009
MinimumVisualStudioVersion = 10.0.40219.1
Project("{FAE04EC0-301F-11D3-BF4B-00C04F79EFBC}") = "toolkit.excel.data", "toolkit.excel.data\toolkit.excel.data.csproj", "{63ED8188-8FE5-4D8D-8F84-F42794900C8D}"
EndProject
Project("{FAE04EC0-301F-11D3-BF4B-00C04F79EFBC}") = "toolkit.excel.console", "toolkit.excel.console\toolkit.excel.console.csproj", "{500AC76E-9AAD-408D-BBDF-1AD3AC5C4678}"
EndProject
Project("{FAE04EC0-301F-11D3-BF4B-00C04F79EFBC}") = "toolkit.excel.test", "toolkit.excel.test\toolkit.excel.test.csproj", "{715126E2-16A4-4124-A83E-F9EEC45C4C65}"
EndProject
Project("{00D1A9C2-B5F0-4AF3-8072-F6C62B433612}") = "toolkit.excel.db", "toolkit.excel.db\toolkit.excel.db.sqlproj", "{79926980-16D3-4061-BFBD-42F79041D894}"
EndProject
Global
	GlobalSection(SolutionConfigurationPlatforms) = preSolution
		Debug|Any CPU = Debug|Any CPU
		Release|Any CPU = Release|Any CPU
	EndGlobalSection
	GlobalSection(ProjectConfigurationPlatforms) = postSolution
		{63ED8188-8FE5-4D8D-8F84-F42794900C8D}.Debug|Any CPU.ActiveCfg = Debug|Any CPU
		{63ED8188-8FE5-4D8D-8F84-F42794900C8D}.Debug|Any CPU.Build.0 = Debug|Any CPU
		{63ED8188-8FE5-4D8D-8F84-F42794900C8D}.Release|Any CPU.ActiveCfg = Release|Any CPU
		{63ED8188-8FE5-4D8D-8F84-F42794900C8D}.Release|Any CPU.Build.0 = Release|Any CPU
		{500AC76E-9AAD-408D-BBDF-1AD3AC5C4678}.Debug|Any CPU.ActiveCfg = Debug|Any CPU
		{500AC76E-9AAD-408D-BBDF-1AD3AC5C4678}.Debug|Any CPU.Build.0 = Debug|Any CPU
		{500AC76E-9AAD-408D-BBDF-1AD3AC5C4678}.Release|Any CPU.ActiveCfg = Release|Any CPU
		{500AC76E-9AAD-408D-BBDF-1AD3AC5C4678}.Release|Any CPU.Build.0 = Release|Any CPU
		{715126E2-16A4-4124-A83E-F9EEC45C4C65}.Debug|Any CPU.ActiveCfg = Debug|Any CPU
		{715126E2-16A4-4124-A83E-F9EEC45C4C65}.Debug|Any CPU.Build.0 = Debug|Any CPU
		{715126E2-16A4-4124-A83E-F9EEC45C4C65}.Release|Any CPU.ActiveCfg = Release|Any CPU
		{715126E2-16A4-4124-A83E-F9EEC45C4C65}.Release|Any CPU.Build.0 = Release|Any CPU
		{79926980-16D3-4061-BFBD-42F79041D894}.Debug|Any CPU.ActiveCfg = Debug|Any CPU
		{79926980-16D3-4061-BFBD-42F79041D894}.Debug|Any CPU.Build.0 = Debug|Any CPU
		{79926980-16D3-4061-BFBD-42F79041D894}.Debug|Any CPU.Deploy.0 = Debug|Any CPU
		{79926980-16D3-4061-BFBD-42F79041D894}.Release|Any CPU.ActiveCfg = Release|Any CPU
		{79926980-16D3-4061-BFBD-42F79041D894}.Release|Any CPU.Build.0 = Release|Any CPU
		{79926980-16D3-4061-BFBD-42F79041D894}.Release|Any CPU.Deploy.0 = Release|Any CPU
	EndGlobalSection
	GlobalSection(SolutionProperties) = preSolution
		HideSolutionNode = FALSE
	EndGlobalSection
	GlobalSection(ExtensibilityGlobals) = postSolution
		SolutionGuid = {AA9B4111-30AF-4D10-ACEC-A9CBF03D4134}
	EndGlobalSection
EndGlobal
